
Microsoft Visual Studio Solution File, Format Version 11.00
# Visual C# Express 2010
Project("{FAE04EC0-301F-11D3-BF4B-00C04F79EFBC}") = "SpaceInvaders", "SpaceInvaders\SpaceInvaders\SpaceInvaders.csproj", "{C31F2D5B-8B41-40EA-B61F-E9CF598E1415}"
EndProject
Project("{96E2B04D-8817-42C6-938A-82C39BA4D311}") = "SpaceInvadersContent", "SpaceInvaders\SpaceInvadersContent\SpaceInvadersContent.contentproj", "{428B8C33-1A3F-406E-87A2-5897886A3F34}"
EndProject
Global
	GlobalSection(SolutionConfigurationPlatforms) = preSolution
		Debug|x86 = Debug|x86
		Release|x86 = Release|x86
	EndGlobalSection
	GlobalSection(ProjectConfigurationPlatforms) = postSolution
		{C31F2D5B-8B41-40EA-B61F-E9CF598E1415}.Debug|x86.ActiveCfg = Debug|x86
		{C31F2D5B-8B41-40EA-B61F-E9CF598E1415}.Debug|x86.Build.0 = Debug|x86
		{C31F2D5B-8B41-40EA-B61F-E9CF598E1415}.Release|x86.ActiveCfg = Release|x86
		{C31F2D5B-8B41-40EA-B61F-E9CF598E1415}.Release|x86.Build.0 = Release|x86
		{428B8C33-1A3F-406E-87A2-5897886A3F34}.Debug|x86.ActiveCfg = Debug|x86
		{428B8C33-1A3F-406E-87A2-5897886A3F34}.Release|x86.ActiveCfg = Release|x86
	EndGlobalSection
	GlobalSection(SolutionProperties) = preSolution
		HideSolutionNode = FALSE
	EndGlobalSection
EndGlobal
